{
  "name": "phase-3-crawler",
  "version": "1.0.0",
  "lockfileVersion": 1,
  "requires": true,
  "dependencies": {
    "@jurca/-x-ignore": {
      "version": "0.0.5",
      "resolved": "https://registry.npmjs.org/@jurca/-x-ignore/-/-x-ignore-0.0.5.tgz",
      "integrity": "sha512-I9c8zGYJM4DPvAsAzcaqhV5fzm7Enp4CuldSEl0HONLkm8S7zvXZcYyKFDfLkF4fX7a2maKjw72caoKM8fpIGQ=="
    }
  }
}
