{
  "name": "phase-3-crawler",
  "version": "1.0.0",
  "lockfileVersion": 1,
  "requires": true,
  "dependencies": {
    "@jurca/-x-ignore": {
      "version": "0.0.4",
      "resolved": "https://registry.npmjs.org/@jurca/-x-ignore/-/-x-ignore-0.0.4.tgz",
      "integrity": "sha512-fWNBwBIrjo+p8iD2UXr+oY96C91ArKJI6BExgpJQuxd//NQsbC8WGnNU+aAV7Y13T2fVK7I+Xg1Zizur6lasQw=="
    }
  }
}
